
Microsoft Visual Studio Solution File, Format Version 12.00
# Visual Studio Version 17
VisualStudioVersion = 17.8.34511.84
MinimumVisualStudioVersion = 10.0.40219.1
Project("{8BC9CEB8-8B4A-11D0-8D11-00A0C91BC942}") = "Software Safety Project", "Software Safety Project\Software Safety Project.vcxproj", "{791AD030-910D-4BD6-9DCD-AB7A35073E37}"
EndProject
Global
	GlobalSection(SolutionConfigurationPlatforms) = preSolution
		Debug|x64 = Debug|x64
		Debug|x86 = Debug|x86
		Release|x64 = Release|x64
		Release|x86 = Release|x86
	EndGlobalSection
	GlobalSection(ProjectConfigurationPlatforms) = postSolution
		{791AD030-910D-4BD6-9DCD-AB7A35073E37}.Debug|x64.ActiveCfg = Debug|x64
		{791AD030-910D-4BD6-9DCD-AB7A35073E37}.Debug|x64.Build.0 = Debug|x64
		{791AD030-910D-4BD6-9DCD-AB7A35073E37}.Debug|x86.ActiveCfg = Debug|Win32
		{791AD030-910D-4BD6-9DCD-AB7A35073E37}.Debug|x86.Build.0 = Debug|Win32
		{791AD030-910D-4BD6-9DCD-AB7A35073E37}.Release|x64.ActiveCfg = Release|x64
		{791AD030-910D-4BD6-9DCD-AB7A35073E37}.Release|x64.Build.0 = Release|x64
		{791AD030-910D-4BD6-9DCD-AB7A35073E37}.Release|x86.ActiveCfg = Release|Win32
		{791AD030-910D-4BD6-9DCD-AB7A35073E37}.Release|x86.Build.0 = Release|Win32
	EndGlobalSection
	GlobalSection(SolutionProperties) = preSolution
		HideSolutionNode = FALSE
	EndGlobalSection
	GlobalSection(ExtensibilityGlobals) = postSolution
		SolutionGuid = {78C47BC7-4946-4F36-916E-B2645B929620}
	EndGlobalSection
EndGlobal
